
Microsoft Visual Studio Solution File, Format Version 10.00
# Visual Studio 2008
Project("{FAE04EC0-301F-11D3-BF4B-00C04F79EFBC}") = "DependencyViewer", "DependencyViewer\DependencyViewer.csproj", "{0C6B9BFF-F846-4D1C-B368-B0D247CCD22C}"
EndProject
Project("{FAE04EC0-301F-11D3-BF4B-00C04F79EFBC}") = "DependencyViewer.Tests", "DependencyViewer.Tests\DependencyViewer.Tests.csproj", "{D7EBB98B-E3E8-4F2A-992F-C9D29BA90A51}"
EndProject
Global
	GlobalSection(SolutionConfigurationPlatforms) = preSolution
		Debug|Any CPU = Debug|Any CPU
		Release|Any CPU = Release|Any CPU
	EndGlobalSection
	GlobalSection(ProjectConfigurationPlatforms) = postSolution
		{0C6B9BFF-F846-4D1C-B368-B0D247CCD22C}.Debug|Any CPU.ActiveCfg = Debug|Any CPU
		{0C6B9BFF-F846-4D1C-B368-B0D247CCD22C}.Debug|Any CPU.Build.0 = Debug|Any CPU
		{0C6B9BFF-F846-4D1C-B368-B0D247CCD22C}.Release|Any CPU.ActiveCfg = Release|Any CPU
		{0C6B9BFF-F846-4D1C-B368-B0D247CCD22C}.Release|Any CPU.Build.0 = Release|Any CPU
		{D7EBB98B-E3E8-4F2A-992F-C9D29BA90A51}.Debug|Any CPU.ActiveCfg = Debug|Any CPU
		{D7EBB98B-E3E8-4F2A-992F-C9D29BA90A51}.Debug|Any CPU.Build.0 = Debug|Any CPU
		{D7EBB98B-E3E8-4F2A-992F-C9D29BA90A51}.Release|Any CPU.ActiveCfg = Release|Any CPU
		{D7EBB98B-E3E8-4F2A-992F-C9D29BA90A51}.Release|Any CPU.Build.0 = Release|Any CPU
	EndGlobalSection
	GlobalSection(SolutionProperties) = preSolution
		HideSolutionNode = FALSE
	EndGlobalSection
	GlobalSection(ExtensibilityGlobals) = postSolution
		VisualSVNWorkingCopyRoot = .
	EndGlobalSection
EndGlobal
